// !$*UTF8*$!
{
	archiveVersion = 1;
	classes = {
	};
	objectVersion = 46;
	objects = {

/* Begin PBXBuildFile section */
		95B0A9541ACB58EC0045636C /* main.cpp in Sources */ = {isa = PBXBuildFile; fileRef = 95B0A9531ACB58EC0045636C /* main.cpp */; };
/* End PBXBuildFile section */

/* Begin PBXCopyFilesBuildPhase section */
		95B0A94E1ACB58EC0045636C /* CopyFiles */ = {
			isa = PBXCopyFilesBuildPhase;
			buildActionMask = 2147483647;
			dstPath = /usr/share/man/man1/;
			dstSubfolderSpec = 0;
			files = (
			);
			runOnlyForDeploymentPostprocessing = 1;
		};
/* End PBXCopyFilesBuildPhase section */

/* Begin PBXFileReference section */
		95B0A9501ACB58EC0045636C /* F2bitSequence */ = {isa = PBXFileReference; explicitFileType = "compiled.mach-o.executable"; includeInIndex = 0; path = F2bitSequence; sourceTree = BUILT_PRODUCTS_DIR; };
		95B0A9531ACB58EC0045636C /* main.cpp */ = {isa = PBXFileReference; lastKnownFileType = sourcecode.cpp.cpp; path = main.cpp; sourceTree = "<group>"; };
/* End PBXFileReference section */

/* Begin PBXFrameworksBuildPhase section */
		95B0A94D1ACB58EC0045636C /* Frameworks */ = {
			isa = PBXFrameworksBuildPhase;
			buildActionMask = 2147483647;
			files = (
			);
			runOnlyForDeploymentPostprocessing = 0;
		};
/* End PBXFrameworksBuildPhase section */

/* Begin PBXGroup section */
		95B0A9471ACB58EC0045636C = {
			isa = PBXGroup;
			children = (
				95B0A9521ACB58EC0045636C /* F2bitSequence */,
				95B0A9511ACB58EC0045636C /* Products */,
			);
			sourceTree = "<group>";
		};
		95B0A9511ACB58EC0045636C /* Products */ = {
			isa = PBXGroup;
			children = (
				95B0A9501ACB58EC0045636C /* F2bitSequence */,
			);
			name = Products;
			sourceTree = "<group>";
		};
		95B0A9521ACB58EC0045636C /* F2bitSequence */ = {
			isa = PBXGroup;
			children = (
				95B0A9531ACB58EC0045636C /* main.cpp */,
			);
			path = F2bitSequence;
			sourceTree = "<group>";
		};
/* End PBXGroup section */

/* Begin PBXNativeTarget section */
		95B0A94F1ACB58EC0045636C /* F2bitSequence */ = {
			isa = PBXNativeTarget;
			buildConfigurationList = 95B0A9571ACB58EC0045636C /* Build configuration list for PBXNativeTarget "F2bitSequence" */;
			buildPhases = (
				95B0A94C1ACB58EC0045636C /* Sources */,
				95B0A94D1ACB58EC0045636C /* Frameworks */,
				95B0A94E1ACB58EC0045636C /* CopyFiles */,
			);
			buildRules = (
			);
			dependencies = (
			);
			name = F2bitSequence;
			productName = F2bitSequence;
			productReference = 95B0A9501ACB58EC0045636C /* F2bitSequence */;
			productType = "com.apple.product-type.tool";
		};
/* End PBXNativeTarget section */

/* Begin PBXProject section */
		95B0A9481ACB58EC0045636C /* Project object */ = {
			isa = PBXProject;
			attributes = {
				LastUpgradeCheck = 0620;
				ORGANIZATIONNAME = bufferRenaiss;
				TargetAttributes = {
					95B0A94F1ACB58EC0045636C = {
						CreatedOnToolsVersion = 6.2;
					};
				};
			};
			buildConfigurationList = 95B0A94B1ACB58EC0045636C /* Build configuration list for PBXProject "F2bitSequence" */;
			compatibilityVersion = "Xcode 3.2";
			developmentRegion = English;
			hasScannedForEncodings = 0;
			knownRegions = (
				en,
			);
			mainGroup = 95B0A9471ACB58EC0045636C;
			productRefGroup = 95B0A9511ACB58EC0045636C /* Products */;
			projectDirPath = "";
			projectRoot = "";
			targets = (
				95B0A94F1ACB58EC0045636C /* F2bitSequence */,
			);
		};
/* End PBXProject section */

/* Begin PBXSourcesBuildPhase section */
		95B0A94C1ACB58EC0045636C /* Sources */ = {
			isa = PBXSourcesBuildPhase;
			buildActionMask = 2147483647;
			files = (
				95B0A9541ACB58EC0045636C /* main.cpp in Sources */,
			);
			runOnlyForDeploymentPostprocessing = 0;
		};
/* End PBXSourcesBuildPhase section */

/* Begin XCBuildConfiguration section */
		95B0A9551ACB58EC0045636C /* Debug */ = {
			isa = XCBuildConfiguration;
			buildSettings = {
				ALWAYS_SEARCH_USER_PATHS = NO;
				CLANG_CXX_LANGUAGE_STANDARD = "gnu++0x";
				CLANG_CXX_LIBRARY = "libc++";
				CLANG_ENABLE_MODULES = YES;
				CLANG_ENABLE_OBJC_ARC = YES;
				CLANG_WARN_BOOL_CONVERSION = YES;
				CLANG_WARN_CONSTANT_CONVERSION = YES;
				CLANG_WARN_DIRECT_OBJC_ISA_USAGE = YES_ERROR;
				CLANG_WARN_EMPTY_BODY = YES;
				CLANG_WARN_ENUM_CONVERSION = YES;
				CLANG_WARN_INT_CONVERSION = YES;
				CLANG_WARN_OBJC_ROOT_CLASS = YES_ERROR;
				CLANG_WARN_UNREACHABLE_CODE = YES;
				CLANG_WARN__DUPLICATE_METHOD_MATCH = YES;
				COPY_PHASE_STRIP = NO;
				ENABLE_STRICT_OBJC_MSGSEND = YES;
				GCC_C_LANGUAGE_STANDARD = gnu99;
				GCC_DYNAMIC_NO_PIC = NO;
				GCC_OPTIMIZATION_LEVEL = 0;
				GCC_PREPROCESSOR_DEFINITIONS = (
					"DEBUG=1",
					"$(inherited)",
				);
				GCC_SYMBOLS_PRIVATE_EXTERN = NO;
				GCC_WARN_64_TO_32_BIT_CONVERSION = YES;
				GCC_WARN_ABOUT_RETURN_TYPE = YES_ERROR;
				GCC_WARN_UNDECLARED_SELECTOR = YES;
				GCC_WARN_UNINITIALIZED_AUTOS = YES_AGGRESSIVE;
				GCC_WARN_UNUSED_FUNCTION = YES;
				GCC_WARN_UNUSED_VARIABLE = YES;
				MACOSX_DEPLOYMENT_TARGET = 10.10;
				MTL_ENABLE_DEBUG_INFO = YES;
				ONLY_ACTIVE_ARCH = YES;
				SDKROOT = macosx;
			};
			name = Debug;
		};
		95B0A9561ACB58EC0045636C /* Release */ = {
			isa = XCBuildConfiguration;
			buildSettings = {
				ALWAYS_SEARCH_USER_PATHS = NO;
				CLANG_CXX_LANGUAGE_STANDARD = "gnu++0x";
				CLANG_CXX_LIBRARY = "libc++";
				CLANG_ENABLE_MODULES = YES;
				CLANG_ENABLE_OBJC_ARC = YES;
				CLANG_WARN_BOOL_CONVERSION = YES;
				CLANG_WARN_CONSTANT_CONVERSION = YES;
				CLANG_WARN_DIRECT_OBJC_ISA_USAGE = YES_ERROR;
				CLANG_WARN_EMPTY_BODY = YES;
				CLANG_WARN_ENUM_CONVERSION = YES;
				CLANG_WARN_INT_CONVERSION = YES;
				CLANG_WARN_OBJC_ROOT_CLASS = YES_ERROR;
				CLANG_WARN_UNREACHABLE_CODE = YES;
				CLANG_WARN__DUPLICATE_METHOD_MATCH = YES;
				COPY_PHASE_STRIP = NO;
				DEBUG_INFORMATION_FORMAT = "dwarf-with-dsym";
				ENABLE_NS_ASSERTIONS = NO;
				ENABLE_STRICT_OBJC_MSGSEND = YES;
				GCC_C_LANGUAGE_STANDARD = gnu99;
				GCC_WARN_64_TO_32_BIT_CONVERSION = YES;
				GCC_WARN_ABOUT_RETURN_TYPE = YES_ERROR;
				GCC_WARN_UNDECLARED_SELECTOR = YES;
				GCC_WARN_UNINITIALIZED_AUTOS = YES_AGGRESSIVE;
				GCC_WARN_UNUSED_FUNCTION = YES;
				GCC_WARN_UNUSED_VARIABLE = YES;
				MACOSX_DEPLOYMENT_TARGET = 10.10;
				MTL_ENABLE_DEBUG_INFO = NO;
				SDKROOT = macosx;
			};
			name = Release;
		};
		95B0A9581ACB58EC0045636C /* Debug */ = {
			isa = XCBuildConfiguration;
			buildSettings = {
				PRODUCT_NAME = "$(TARGET_NAME)";
			};
			name = Debug;
		};
		95B0A9591ACB58EC0045636C /* Release */ = {
			isa = XCBuildConfiguration;
			buildSettings = {
				PRODUCT_NAME = "$(TARGET_NAME)";
			};
			name = Release;
		};
/* End XCBuildConfiguration section */

/* Begin XCConfigurationList section */
		95B0A94B1ACB58EC0045636C /* Build configuration list for PBXProject "F2bitSequence" */ = {
			isa = XCConfigurationList;
			buildConfigurations = (
				95B0A9551ACB58EC0045636C /* Debug */,
				95B0A9561ACB58EC0045636C /* Release */,
			);
			defaultConfigurationIsVisible = 0;
			defaultConfigurationName = Release;
		};
		95B0A9571ACB58EC0045636C /* Build configuration list for PBXNativeTarget "F2bitSequence" */ = {
			isa = XCConfigurationList;
			buildConfigurations = (
				95B0A9581ACB58EC0045636C /* Debug */,
				95B0A9591ACB58EC0045636C /* Release */,
			);
			defaultConfigurationIsVisible = 0;
		};
/* End XCConfigurationList section */
	};
	rootObject = 95B0A9481ACB58EC0045636C /* Project object */;
}
